// !$*UTF8*$!
{
	archiveVersion = 1;
	classes = {
	};
	objectVersion = 56;
	objects = {

/* Begin PBXBuildFile section */
		B709254B9B6AEB7913AAF913 /* TGBankApp.swift in Sources */ = {isa = PBXBuildFile; fileRef = 612B03A6C707C8861356B9AA /* TGBankApp.swift */; };
		92294CC8BC5C3628294E0CBF /* Beneficiary.swift in Sources */ = {isa = PBXBuildFile; fileRef = 05EA734432C94036F6C6DE53 /* Beneficiary.swift */; };
		4E9639DF9937A1B27E771DE6 /* EliteCreditCard.swift in Sources */ = {isa = PBXBuildFile; fileRef = 8F04D61A3A21B735A69BFE2B /* EliteCreditCard.swift */; };
		7ED81E4235003AEDB23C6AF0 /* NotificationItem.swift in Sources */ = {isa = PBXBuildFile; fileRef = 6563B50200D7A35ED18BE073 /* NotificationItem.swift */; };
		D7A665D6A96720094696F6A5 /* TestControlState.swift in Sources */ = {isa = PBXBuildFile; fileRef = 6F7DC9E7DFBBCCF40A66306A /* TestControlState.swift */; };
		21B773C4FC772EE3D21ECCDB /* Transaction.swift in Sources */ = {isa = PBXBuildFile; fileRef = 232060A0CCA76D7D49F317AB /* Transaction.swift */; };
		BD49F62540E25D817A57927F /* UserProfile.swift in Sources */ = {isa = PBXBuildFile; fileRef = 558B7A9AC87AF02ACDADC1D3 /* UserProfile.swift */; };
		4F3DBB7EA89F417948CC1076 /* NavigationCoordinator.swift in Sources */ = {isa = PBXBuildFile; fileRef = 357E3266AA007DAD513F1B03 /* NavigationCoordinator.swift */; };
		EAF0A0899F1C70D6605205A2 /* BankRepository.swift in Sources */ = {isa = PBXBuildFile; fileRef = BFC2F7EE2E36A37691C77C29 /* BankRepository.swift */; };
		340722E57F01B5E949ADB6CB /* Color+Theme.swift in Sources */ = {isa = PBXBuildFile; fileRef = 7CC2491C123581F827C245B0 /* Color+Theme.swift */; };
		F65E839C3B67248C2938517C /* LoginView.swift in Sources */ = {isa = PBXBuildFile; fileRef = 2AD3491A7ED49D9E5B12FA2B /* LoginView.swift */; };
		AA55591AEDF5E697F58B19DB /* CreditDashboardView.swift in Sources */ = {isa = PBXBuildFile; fileRef = 64779ECA26F93460CB3DACA0 /* CreditDashboardView.swift */; };
		B6301D7F15793C8BF3685322 /* LoanApplicationView.swift in Sources */ = {isa = PBXBuildFile; fileRef = 0523A12BA08F186010384242 /* LoanApplicationView.swift */; };
		83ADA736DABDC7FCC5A219B0 /* HomeView.swift in Sources */ = {isa = PBXBuildFile; fileRef = E5714D0F1A569F58BCC2706B /* HomeView.swift */; };
		D9C334FE4A868D50B6132F63 /* KYCWizardView.swift in Sources */ = {isa = PBXBuildFile; fileRef = 244B10B910C9FE9395B946F7 /* KYCWizardView.swift */; };
		B77ED1F47AB8C685BE3C1C8A /* NotificationsView.swift in Sources */ = {isa = PBXBuildFile; fileRef = 8740170D670E4E23F3D36D12 /* NotificationsView.swift */; };
		A664EDA31AB250576ABE85BD /* AddMoneyView.swift in Sources */ = {isa = PBXBuildFile; fileRef = 3C79F77897C3CCD8B0718622 /* AddMoneyView.swift */; };
		B77A8CE9BE18715F0C1669A4 /* PayBillsView.swift in Sources */ = {isa = PBXBuildFile; fileRef = 8CFC77DFB156814D37EB971C /* PayBillsView.swift */; };
		431DFB741D54C73BE77B5E9F /* QRScannerView.swift in Sources */ = {isa = PBXBuildFile; fileRef = DEA27949A70B641F8197A757 /* QRScannerView.swift */; };
		A36FE1C2C7EF304A7E0C717D /* ReceiveMoneyView.swift in Sources */ = {isa = PBXBuildFile; fileRef = F334EC8FFE655220E4F63B99 /* ReceiveMoneyView.swift */; };
		9471D233E6730CE1C483D150 /* SendMoneyView.swift in Sources */ = {isa = PBXBuildFile; fileRef = 179C47A56AB7D358F124D5B6 /* SendMoneyView.swift */; };
		CBC3D3572C6DF2F5851E5538 /* UPIPayView.swift in Sources */ = {isa = PBXBuildFile; fileRef = 8810AE029C2B857A48FDE712 /* UPIPayView.swift */; };
		88CEB36EFE7E4DD473F87C26 /* WithdrawView.swift in Sources */ = {isa = PBXBuildFile; fileRef = FDCA022968AC920C62FD1BD3 /* WithdrawView.swift */; };
		52806C615456A803F83CAB08 /* ProfileView.swift in Sources */ = {isa = PBXBuildFile; fileRef = 00A361C0686B2E91E9369865 /* ProfileView.swift */; };
		86F7C1CA57F409E180A61794 /* TestControlsView.swift in Sources */ = {isa = PBXBuildFile; fileRef = F60A34424820676B2CFE4630 /* TestControlsView.swift */; };
		540A92AA5988534916EFFF10 /* TransactionDetailView.swift in Sources */ = {isa = PBXBuildFile; fileRef = A06D967BA09CF9AC773CC98B /* TransactionDetailView.swift */; };
		82FB5F18F2B3ED39DA20B07F /* TransactionsListView.swift in Sources */ = {isa = PBXBuildFile; fileRef = 200B52A1A44EEF0561C4A831 /* TransactionsListView.swift */; };
		EA11A1E5603578A8DC6E963A /* TGBankUITests.swift in Sources */ = {isa = PBXBuildFile; fileRef = 59433E41D060B74EB630AF4E /* TGBankUITests.swift */; };
		3A3BD8160C49D17D9C36657D /* Assets.xcassets in Resources */ = {isa = PBXBuildFile; fileRef = B58660C7C3945120B125DFF0 /* Assets.xcassets */; };
/* End PBXBuildFile section */

/* Begin PBXContainerItemProxy section */
		5979EC4BF31760CF50FB5F49 /* PBXContainerItemProxy */ = {
			isa = PBXContainerItemProxy;
			containerPortal = A461ECD4122F7603E004E3BE /* Project object */;
			proxyType = 1;
			remoteGlobalIDString = 456BB2D4EC37EFAFB366D863;
			remoteInfo = TGBank;
		};
/* End PBXContainerItemProxy section */

/* Begin PBXFileReference section */
		612B03A6C707C8861356B9AA /* TGBankApp.swift */ = {isa = PBXFileReference; lastKnownFileType = sourcecode.swift; path = "App/TGBankApp.swift"; sourceTree = "<group>"; };
		05EA734432C94036F6C6DE53 /* Beneficiary.swift */ = {isa = PBXFileReference; lastKnownFileType = sourcecode.swift; path = "Models/Beneficiary.swift"; sourceTree = "<group>"; };
		8F04D61A3A21B735A69BFE2B /* EliteCreditCard.swift */ = {isa = PBXFileReference; lastKnownFileType = sourcecode.swift; path = "Models/EliteCreditCard.swift"; sourceTree = "<group>"; };
		6563B50200D7A35ED18BE073 /* NotificationItem.swift */ = {isa = PBXFileReference; lastKnownFileType = sourcecode.swift; path = "Models/NotificationItem.swift"; sourceTree = "<group>"; };
		6F7DC9E7DFBBCCF40A66306A /* TestControlState.swift */ = {isa = PBXFileReference; lastKnownFileType = sourcecode.swift; path = "Models/TestControlState.swift"; sourceTree = "<group>"; };
		232060A0CCA76D7D49F317AB /* Transaction.swift */ = {isa = PBXFileReference; lastKnownFileType = sourcecode.swift; path = "Models/Transaction.swift"; sourceTree = "<group>"; };
		558B7A9AC87AF02ACDADC1D3 /* UserProfile.swift */ = {isa = PBXFileReference; lastKnownFileType = sourcecode.swift; path = "Models/UserProfile.swift"; sourceTree = "<group>"; };
		357E3266AA007DAD513F1B03 /* NavigationCoordinator.swift */ = {isa = PBXFileReference; lastKnownFileType = sourcecode.swift; path = "Navigation/NavigationCoordinator.swift"; sourceTree = "<group>"; };
		BFC2F7EE2E36A37691C77C29 /* BankRepository.swift */ = {isa = PBXFileReference; lastKnownFileType = sourcecode.swift; path = "Repository/BankRepository.swift"; sourceTree = "<group>"; };
		7CC2491C123581F827C245B0 /* Color+Theme.swift */ = {isa = PBXFileReference; lastKnownFileType = sourcecode.swift; path = "Theme/Color+Theme.swift"; sourceTree = "<group>"; };
		2AD3491A7ED49D9E5B12FA2B /* LoginView.swift */ = {isa = PBXFileReference; lastKnownFileType = sourcecode.swift; path = "Views/Authentication/LoginView.swift"; sourceTree = "<group>"; };
		64779ECA26F93460CB3DACA0 /* CreditDashboardView.swift */ = {isa = PBXFileReference; lastKnownFileType = sourcecode.swift; path = "Views/Credit/CreditDashboardView.swift"; sourceTree = "<group>"; };
		0523A12BA08F186010384242 /* LoanApplicationView.swift */ = {isa = PBXFileReference; lastKnownFileType = sourcecode.swift; path = "Views/Credit/LoanApplicationView.swift"; sourceTree = "<group>"; };
		E5714D0F1A569F58BCC2706B /* HomeView.swift */ = {isa = PBXFileReference; lastKnownFileType = sourcecode.swift; path = "Views/Home/HomeView.swift"; sourceTree = "<group>"; };
		244B10B910C9FE9395B946F7 /* KYCWizardView.swift */ = {isa = PBXFileReference; lastKnownFileType = sourcecode.swift; path = "Views/KYC/KYCWizardView.swift"; sourceTree = "<group>"; };
		8740170D670E4E23F3D36D12 /* NotificationsView.swift */ = {isa = PBXFileReference; lastKnownFileType = sourcecode.swift; path = "Views/Notifications/NotificationsView.swift"; sourceTree = "<group>"; };
		3C79F77897C3CCD8B0718622 /* AddMoneyView.swift */ = {isa = PBXFileReference; lastKnownFileType = sourcecode.swift; path = "Views/Payments/AddMoneyView.swift"; sourceTree = "<group>"; };
		8CFC77DFB156814D37EB971C /* PayBillsView.swift */ = {isa = PBXFileReference; lastKnownFileType = sourcecode.swift; path = "Views/Payments/PayBillsView.swift"; sourceTree = "<group>"; };
		DEA27949A70B641F8197A757 /* QRScannerView.swift */ = {isa = PBXFileReference; lastKnownFileType = sourcecode.swift; path = "Views/Payments/QRScannerView.swift"; sourceTree = "<group>"; };
		F334EC8FFE655220E4F63B99 /* ReceiveMoneyView.swift */ = {isa = PBXFileReference; lastKnownFileType = sourcecode.swift; path = "Views/Payments/ReceiveMoneyView.swift"; sourceTree = "<group>"; };
		179C47A56AB7D358F124D5B6 /* SendMoneyView.swift */ = {isa = PBXFileReference; lastKnownFileType = sourcecode.swift; path = "Views/Payments/SendMoneyView.swift"; sourceTree = "<group>"; };
		8810AE029C2B857A48FDE712 /* UPIPayView.swift */ = {isa = PBXFileReference; lastKnownFileType = sourcecode.swift; path = "Views/Payments/UPIPayView.swift"; sourceTree = "<group>"; };
		FDCA022968AC920C62FD1BD3 /* WithdrawView.swift */ = {isa = PBXFileReference; lastKnownFileType = sourcecode.swift; path = "Views/Payments/WithdrawView.swift"; sourceTree = "<group>"; };
		00A361C0686B2E91E9369865 /* ProfileView.swift */ = {isa = PBXFileReference; lastKnownFileType = sourcecode.swift; path = "Views/Profile/ProfileView.swift"; sourceTree = "<group>"; };
		F60A34424820676B2CFE4630 /* TestControlsView.swift */ = {isa = PBXFileReference; lastKnownFileType = sourcecode.swift; path = "Views/TestControls/TestControlsView.swift"; sourceTree = "<group>"; };
		A06D967BA09CF9AC773CC98B /* TransactionDetailView.swift */ = {isa = PBXFileReference; lastKnownFileType = sourcecode.swift; path = "Views/Transactions/TransactionDetailView.swift"; sourceTree = "<group>"; };
		200B52A1A44EEF0561C4A831 /* TransactionsListView.swift */ = {isa = PBXFileReference; lastKnownFileType = sourcecode.swift; path = "Views/Transactions/TransactionsListView.swift"; sourceTree = "<group>"; };
		59433E41D060B74EB630AF4E /* TGBankUITests.swift */ = {isa = PBXFileReference; lastKnownFileType = sourcecode.swift; path = "TGBankUITests.swift"; sourceTree = "<group>"; };
		B58660C7C3945120B125DFF0 /* Assets.xcassets */ = {isa = PBXFileReference; lastKnownFileType = folder.assetcatalog; path = "Assets.xcassets"; sourceTree = "<group>"; };
		00B6E0AEFC136165F82A38E4 /* Info.plist */ = {isa = PBXFileReference; lastKnownFileType = text.plist.xml; path = "Info.plist"; sourceTree = "<group>"; };
		D4031DA3531D5CEEF2DDA641 /* Info.plist */ = {isa = PBXFileReference; lastKnownFileType = text.plist.xml; path = "Info.plist"; sourceTree = "<group>"; };
		7E543B1122DB7E8F52AADDA2 /* TGBank.app */ = {isa = PBXFileReference; explicitFileType = wrapper.application; includeInIndex = 0; path = TGBank.app; sourceTree = BUILT_PRODUCTS_DIR; };
		137A9756356DDD458E39FC2E /* TGBankUITests.xctest */ = {isa = PBXFileReference; explicitFileType = wrapper.cfbundle; includeInIndex = 0; path = TGBankUITests.xctest; sourceTree = BUILT_PRODUCTS_DIR; };
/* End PBXFileReference section */

/* Begin PBXFrameworksBuildPhase section */
		174C82A35F8ECB7C3A05917B /* Frameworks */ = {
			isa = PBXFrameworksBuildPhase;
			buildActionMask = 2147483647;
			files = (
			);
			runOnlyForDeploymentPostprocessing = 0;
		};
		CDBDEF49C9F32C62593C2D3D /* Frameworks */ = {
			isa = PBXFrameworksBuildPhase;
			buildActionMask = 2147483647;
			files = (
			);
			runOnlyForDeploymentPostprocessing = 0;
		};
/* End PBXFrameworksBuildPhase section */

/* Begin PBXGroup section */
		68032A9EA3DCFBB5F622253A = {
			isa = PBXGroup;
			children = (
				68561F46E2FC3A1CCD7D94A4 /* TGBank */,
				9E52A7DF9C1C5B39215CEEA0 /* TGBankUITests */,
				192043EC6F0337C818215876 /* Products */,
			);
			sourceTree = "<group>";
		};
		68561F46E2FC3A1CCD7D94A4 /* TGBank */ = {
			isa = PBXGroup;
			children = (
				B58660C7C3945120B125DFF0 /* Assets.xcassets */,
				00B6E0AEFC136165F82A38E4 /* Info.plist */,
				612B03A6C707C8861356B9AA /* TGBankApp.swift */,
				05EA734432C94036F6C6DE53 /* Beneficiary.swift */,
				8F04D61A3A21B735A69BFE2B /* EliteCreditCard.swift */,
				6563B50200D7A35ED18BE073 /* NotificationItem.swift */,
				6F7DC9E7DFBBCCF40A66306A /* TestControlState.swift */,
				232060A0CCA76D7D49F317AB /* Transaction.swift */,
				558B7A9AC87AF02ACDADC1D3 /* UserProfile.swift */,
				357E3266AA007DAD513F1B03 /* NavigationCoordinator.swift */,
				BFC2F7EE2E36A37691C77C29 /* BankRepository.swift */,
				7CC2491C123581F827C245B0 /* Color+Theme.swift */,
				2AD3491A7ED49D9E5B12FA2B /* LoginView.swift */,
				64779ECA26F93460CB3DACA0 /* CreditDashboardView.swift */,
				0523A12BA08F186010384242 /* LoanApplicationView.swift */,
				E5714D0F1A569F58BCC2706B /* HomeView.swift */,
				244B10B910C9FE9395B946F7 /* KYCWizardView.swift */,
				8740170D670E4E23F3D36D12 /* NotificationsView.swift */,
				3C79F77897C3CCD8B0718622 /* AddMoneyView.swift */,
				8CFC77DFB156814D37EB971C /* PayBillsView.swift */,
				DEA27949A70B641F8197A757 /* QRScannerView.swift */,
				F334EC8FFE655220E4F63B99 /* ReceiveMoneyView.swift */,
				179C47A56AB7D358F124D5B6 /* SendMoneyView.swift */,
				8810AE029C2B857A48FDE712 /* UPIPayView.swift */,
				FDCA022968AC920C62FD1BD3 /* WithdrawView.swift */,
				00A361C0686B2E91E9369865 /* ProfileView.swift */,
				F60A34424820676B2CFE4630 /* TestControlsView.swift */,
				A06D967BA09CF9AC773CC98B /* TransactionDetailView.swift */,
				200B52A1A44EEF0561C4A831 /* TransactionsListView.swift */,
			);
			path = TGBank;
			sourceTree = "<group>";
		};
		9E52A7DF9C1C5B39215CEEA0 /* TGBankUITests */ = {
			isa = PBXGroup;
			children = (
				59433E41D060B74EB630AF4E /* TGBankUITests.swift */,
				D4031DA3531D5CEEF2DDA641 /* Info.plist */,
			);
			path = TGBankUITests;
			sourceTree = "<group>";
		};
		192043EC6F0337C818215876 /* Products */ = {
			isa = PBXGroup;
			children = (
				7E543B1122DB7E8F52AADDA2 /* TGBank.app */,
				137A9756356DDD458E39FC2E /* TGBankUITests.xctest */,
			);
			name = Products;
			sourceTree = "<group>";
		};
/* End PBXGroup section */

/* Begin PBXNativeTarget section */
		456BB2D4EC37EFAFB366D863 /* TGBank */ = {
			isa = PBXNativeTarget;
			buildConfigurationList = 3FE2731BD57B18A61710FADA /* Build configuration list for PBXNativeTarget "TGBank" */;
			buildPhases = (
				F294599FC5C1135C293C29A6 /* Sources */,
				174C82A35F8ECB7C3A05917B /* Frameworks */,
				D683134E30F8345ABF3F4263 /* Resources */,
			);
			buildRules = (
			);
			dependencies = (
			);
			name = TGBank;
			productName = TGBank;
			productReference = 7E543B1122DB7E8F52AADDA2 /* TGBank.app */;
			productType = "com.apple.product-type.application";
		};
		E755AFCAE6E1EB29154F5B5C /* TGBankUITests */ = {
			isa = PBXNativeTarget;
			buildConfigurationList = B19C1F21EBE5AD46B74E40E3 /* Build configuration list for PBXNativeTarget "TGBankUITests" */;
			buildPhases = (
				D3AED1C1388C229C5EF54139 /* Sources */,
				CDBDEF49C9F32C62593C2D3D /* Frameworks */,
				ADC040EE40DD42F1117F17F8 /* Resources */,
			);
			buildRules = (
			);
			dependencies = (
				F293293CD6EB49BEAEBDF730 /* PBXTargetDependency */,
			);
			name = TGBankUITests;
			productName = TGBankUITests;
			productReference = 137A9756356DDD458E39FC2E /* TGBankUITests.xctest */;
			productType = "com.apple.product-type.bundle.ui-testing";
		};
/* End PBXNativeTarget section */

/* Begin PBXProject section */
		A461ECD4122F7603E004E3BE /* Project object */ = {
			isa = PBXProject;
			attributes = {
				BuildIndependentTargetsInParallel = 1;
				LastSwiftUpdateCheck = 1500;
				LastUpgradeCheck = 1500;
				TargetAttributes = {
					456BB2D4EC37EFAFB366D863 = {
						CreatedOnToolsVersion = 15.0;
					};
					E755AFCAE6E1EB29154F5B5C = {
						CreatedOnToolsVersion = 15.0;
						TestTargetID = 456BB2D4EC37EFAFB366D863;
					};
				};
			};
			buildConfigurationList = D93B74D091CA7426B0D60A81 /* Build configuration list for PBXProject "TGBank" */;
			compatibilityVersion = "Xcode 14.0";
			developmentRegion = en;
			hasScannedForEncodings = 0;
			knownRegions = (
				en,
				Base,
			);
			mainGroup = 68032A9EA3DCFBB5F622253A;
			productRefGroup = 192043EC6F0337C818215876 /* Products */;
			projectDirPath = "";
			projectRoot = "";
			targets = (
				456BB2D4EC37EFAFB366D863 /* TGBank */,
				E755AFCAE6E1EB29154F5B5C /* TGBankUITests */,
			);
		};
/* End PBXProject section */

/* Begin PBXResourcesBuildPhase section */
		D683134E30F8345ABF3F4263 /* Resources */ = {
			isa = PBXResourcesBuildPhase;
			buildActionMask = 2147483647;
			files = (
				3A3BD8160C49D17D9C36657D /* Assets.xcassets in Resources */,
			);
			runOnlyForDeploymentPostprocessing = 0;
		};
		ADC040EE40DD42F1117F17F8 /* Resources */ = {
			isa = PBXResourcesBuildPhase;
			buildActionMask = 2147483647;
			files = (
			);
			runOnlyForDeploymentPostprocessing = 0;
		};
/* End PBXResourcesBuildPhase section */

/* Begin PBXSourcesBuildPhase section */
		F294599FC5C1135C293C29A6 /* Sources */ = {
			isa = PBXSourcesBuildPhase;
			buildActionMask = 2147483647;
			files = (
				B709254B9B6AEB7913AAF913 /* TGBankApp.swift in Sources */,
				92294CC8BC5C3628294E0CBF /* Beneficiary.swift in Sources */,
				4E9639DF9937A1B27E771DE6 /* EliteCreditCard.swift in Sources */,
				7ED81E4235003AEDB23C6AF0 /* NotificationItem.swift in Sources */,
				D7A665D6A96720094696F6A5 /* TestControlState.swift in Sources */,
				21B773C4FC772EE3D21ECCDB /* Transaction.swift in Sources */,
				BD49F62540E25D817A57927F /* UserProfile.swift in Sources */,
				4F3DBB7EA89F417948CC1076 /* NavigationCoordinator.swift in Sources */,
				EAF0A0899F1C70D6605205A2 /* BankRepository.swift in Sources */,
				340722E57F01B5E949ADB6CB /* Color+Theme.swift in Sources */,
				F65E839C3B67248C2938517C /* LoginView.swift in Sources */,
				AA55591AEDF5E697F58B19DB /* CreditDashboardView.swift in Sources */,
				B6301D7F15793C8BF3685322 /* LoanApplicationView.swift in Sources */,
				83ADA736DABDC7FCC5A219B0 /* HomeView.swift in Sources */,
				D9C334FE4A868D50B6132F63 /* KYCWizardView.swift in Sources */,
				B77ED1F47AB8C685BE3C1C8A /* NotificationsView.swift in Sources */,
				A664EDA31AB250576ABE85BD /* AddMoneyView.swift in Sources */,
				B77A8CE9BE18715F0C1669A4 /* PayBillsView.swift in Sources */,
				431DFB741D54C73BE77B5E9F /* QRScannerView.swift in Sources */,
				A36FE1C2C7EF304A7E0C717D /* ReceiveMoneyView.swift in Sources */,
				9471D233E6730CE1C483D150 /* SendMoneyView.swift in Sources */,
				CBC3D3572C6DF2F5851E5538 /* UPIPayView.swift in Sources */,
				88CEB36EFE7E4DD473F87C26 /* WithdrawView.swift in Sources */,
				52806C615456A803F83CAB08 /* ProfileView.swift in Sources */,
				86F7C1CA57F409E180A61794 /* TestControlsView.swift in Sources */,
				540A92AA5988534916EFFF10 /* TransactionDetailView.swift in Sources */,
				82FB5F18F2B3ED39DA20B07F /* TransactionsListView.swift in Sources */,
			);
			runOnlyForDeploymentPostprocessing = 0;
		};
		D3AED1C1388C229C5EF54139 /* Sources */ = {
			isa = PBXSourcesBuildPhase;
			buildActionMask = 2147483647;
			files = (
				EA11A1E5603578A8DC6E963A /* TGBankUITests.swift in Sources */,
			);
			runOnlyForDeploymentPostprocessing = 0;
		};
/* End PBXSourcesBuildPhase section */

/* Begin PBXTargetDependency section */
		F293293CD6EB49BEAEBDF730 /* PBXTargetDependency */ = {
			isa = PBXTargetDependency;
			target = 456BB2D4EC37EFAFB366D863 /* TGBank */;
			targetProxy = 5979EC4BF31760CF50FB5F49 /* PBXContainerItemProxy */;
		};
/* End PBXTargetDependency section */

/* Begin XCBuildConfiguration section */
		2EA9FBC0D64BA2DCD189CEFC /* Debug */ = {
			isa = XCBuildConfiguration;
			buildSettings = {
				ALWAYS_SEARCH_USER_PATHS = NO;
				CLANG_ANALYZER_NONNULL = YES;
				CLANG_CXX_LANGUAGE_STANDARD = "gnu++20";
				CLANG_ENABLE_MODULES = YES;
				CLANG_ENABLE_OBJC_ARC = YES;
				CLANG_WARN_BLOCK_CAPTURE_AUTORELEASING = YES;
				CLANG_WARN_BOOL_CONVERSION = YES;
				CLANG_WARN_COMMA = YES;
				CLANG_WARN_CONSTANT_CONVERSION = YES;
				CLANG_WARN_DEPRECATED_OBJC_IMPLEMENTATIONS = YES;
				CLANG_WARN_DIRECT_OBJC_ISA_USAGE = YES_ERROR;
				CLANG_WARN_DOCUMENTATION_COMMENTS = YES;
				CLANG_WARN_EMPTY_BODY = YES;
				CLANG_WARN_ENUM_CONVERSION = YES;
				CLANG_WARN_INFINITE_RECURSION = YES;
				CLANG_WARN_INT_CONVERSION = YES;
				CLANG_WARN_NON_LITERAL_NULL_CONVERSION = YES;
				CLANG_WARN_OBJC_IMPLICIT_RETAIN_SELF = YES;
				CLANG_WARN_OBJC_LITERAL_CONVERSION = YES;
				CLANG_WARN_OBJC_ROOT_CLASS = YES_ERROR;
				CLANG_WARN_QUOTED_INCLUDE_IN_FRAMEWORK_HEADER = YES;
				CLANG_WARN_RANGE_LOOP_ANALYSIS = YES;
				CLANG_WARN_STRICT_PROTOTYPES = YES;
				CLANG_WARN_SUSPICIOUS_MOVE = YES;
				CLANG_WARN_UNGUARDED_AVAILABILITY = YES_AGGRESSIVE;
				CLANG_WARN_UNREACHABLE_CODE = YES;
				CLANG_WARN__DUPLICATE_METHOD_MATCH = YES;
				COPY_PHASE_STRIP = NO;
				DEBUG_INFORMATION_FORMAT = dwarf;
				ENABLE_STRICT_OBJC_MSGSEND = YES;
				ENABLE_TESTABILITY = YES;
				ENABLE_USER_SCRIPT_SANDBOXING = NO;
				GCC_C_LANGUAGE_STANDARD = gnu17;
				GCC_DYNAMIC_NO_PIC = NO;
				GCC_NO_COMMON_BLOCKS = YES;
				GCC_OPTIMIZATION_LEVEL = 0;
				GCC_PREPROCESSOR_DEFINITIONS = (
					"DEBUG=1",
					"$(inherited)",
				);
				GCC_WARN_64_TO_32_BIT_CONVERSION = YES;
				GCC_WARN_ABOUT_RETURN_TYPE = YES_ERROR;
				GCC_WARN_UNDEFINED_VARIABLES = YES;
				GCC_WARN_UNINITIALIZED_AUTOS = YES_AGGRESSIVE;
				GCC_WARN_UNUSED_FUNCTION = YES;
				GCC_WARN_UNUSED_VARIABLE = YES;
				IPHONEOS_DEPLOYMENT_TARGET = 16.0;
				MTL_ENABLE_DEBUG_INFO = INCLUDE_SOURCE;
				MTL_FAST_MATH = YES;
				ONLY_ACTIVE_ARCH = YES;
				SDKROOT = iphoneos;
				SWIFT_ACTIVE_COMPILATION_CONDITIONS = DEBUG;
				SWIFT_OPTIMIZATION_LEVEL = "-Onone";
			};
			name = Debug;
		};
		6F985724EC27E346C6F43760 /* Release */ = {
			isa = XCBuildConfiguration;
			buildSettings = {
				ALWAYS_SEARCH_USER_PATHS = NO;
				CLANG_ANALYZER_NONNULL = YES;
				CLANG_CXX_LANGUAGE_STANDARD = "gnu++20";
				CLANG_ENABLE_MODULES = YES;
				CLANG_ENABLE_OBJC_ARC = YES;
				CLANG_WARN_BLOCK_CAPTURE_AUTORELEASING = YES;
				CLANG_WARN_BOOL_CONVERSION = YES;
				CLANG_WARN_COMMA = YES;
				CLANG_WARN_CONSTANT_CONVERSION = YES;
				CLANG_WARN_DEPRECATED_OBJC_IMPLEMENTATIONS = YES;
				CLANG_WARN_DIRECT_OBJC_ISA_USAGE = YES_ERROR;
				CLANG_WARN_DOCUMENTATION_COMMENTS = YES;
				CLANG_WARN_EMPTY_BODY = YES;
				CLANG_WARN_ENUM_CONVERSION = YES;
				CLANG_WARN_INFINITE_RECURSION = YES;
				CLANG_WARN_INT_CONVERSION = YES;
				CLANG_WARN_NON_LITERAL_NULL_CONVERSION = YES;
				CLANG_WARN_OBJC_IMPLICIT_RETAIN_SELF = YES;
				CLANG_WARN_OBJC_LITERAL_CONVERSION = YES;
				CLANG_WARN_OBJC_ROOT_CLASS = YES_ERROR;
				CLANG_WARN_QUOTED_INCLUDE_IN_FRAMEWORK_HEADER = YES;
				CLANG_WARN_RANGE_LOOP_ANALYSIS = YES;
				CLANG_WARN_STRICT_PROTOTYPES = YES;
				CLANG_WARN_SUSPICIOUS_MOVE = YES;
				CLANG_WARN_UNGUARDED_AVAILABILITY = YES_AGGRESSIVE;
				CLANG_WARN_UNREACHABLE_CODE = YES;
				CLANG_WARN__DUPLICATE_METHOD_MATCH = YES;
				COPY_PHASE_STRIP = NO;
				DEBUG_INFORMATION_FORMAT = "dwarf-with-dsym";
				ENABLE_NS_ASSERTIONS = NO;
				ENABLE_STRICT_OBJC_MSGSEND = YES;
				ENABLE_USER_SCRIPT_SANDBOXING = NO;
				GCC_C_LANGUAGE_STANDARD = gnu17;
				GCC_NO_COMMON_BLOCKS = YES;
				GCC_WARN_64_TO_32_BIT_CONVERSION = YES;
				GCC_WARN_ABOUT_RETURN_TYPE = YES_ERROR;
				GCC_WARN_UNDEFINED_VARIABLES = YES;
				GCC_WARN_UNINITIALIZED_AUTOS = YES_AGGRESSIVE;
				GCC_WARN_UNUSED_FUNCTION = YES;
				GCC_WARN_UNUSED_VARIABLE = YES;
				IPHONEOS_DEPLOYMENT_TARGET = 16.0;
				MTL_ENABLE_DEBUG_INFO = NO;
				MTL_FAST_MATH = YES;
				SDKROOT = iphoneos;
				SWIFT_COMPILATION_MODE = "wholemodule";
				SWIFT_OPTIMIZATION_LEVEL = "-O";
				VALIDATE_PRODUCT = YES;
			};
			name = Release;
		};
		1A2DBA72AC0E16846326CF8F /* Debug */ = {
			isa = XCBuildConfiguration;
			buildSettings = {
				ASSETCATALOG_COMPILER_APPICON_NAME = AppIcon;
				ASSETCATALOG_COMPILER_GLOBAL_ACCENT_COLOR_NAME = AccentColor;
				ASSETCATALOG_COMPILER_GENERATE_SWIFT_ASSET_SYMBOL_EXTENSIONS = NO;
				CODE_SIGN_STYLE = Automatic;
				CODE_SIGNING_ALLOWED = NO;
				CURRENT_PROJECT_VERSION = 1;
				DEVELOPMENT_ASSET_PATHS = "";
				ENABLE_PREVIEWS = YES;
				GENERATE_INFOPLIST_FILE = NO;
				INFOPLIST_FILE = TGBank/Info.plist;
				LD_RUNPATH_SEARCH_PATHS = (
					"$(inherited)",
					"@executable_path/Frameworks",
				);
				MARKETING_VERSION = 1.0.0;
				PRODUCT_BUNDLE_IDENTIFIER = com.apple.tgbank;
				PRODUCT_NAME = "$(TARGET_NAME)";
				SWIFT_EMIT_LOC_STRINGS = YES;
				SWIFT_VERSION = 5.0;
				TARGETED_DEVICE_FAMILY = "1,2";
			};
			name = Debug;
		};
		DDF2C3D79E5FE69317EDAE55 /* Release */ = {
			isa = XCBuildConfiguration;
			buildSettings = {
				ASSETCATALOG_COMPILER_APPICON_NAME = AppIcon;
				ASSETCATALOG_COMPILER_GLOBAL_ACCENT_COLOR_NAME = AccentColor;
				ASSETCATALOG_COMPILER_GENERATE_SWIFT_ASSET_SYMBOL_EXTENSIONS = NO;
				CODE_SIGN_STYLE = Automatic;
				CODE_SIGNING_ALLOWED = NO;
				CURRENT_PROJECT_VERSION = 1;
				DEVELOPMENT_ASSET_PATHS = "";
				ENABLE_PREVIEWS = YES;
				GENERATE_INFOPLIST_FILE = NO;
				INFOPLIST_FILE = TGBank/Info.plist;
				LD_RUNPATH_SEARCH_PATHS = (
					"$(inherited)",
					"@executable_path/Frameworks",
				);
				MARKETING_VERSION = 1.0.0;
				PRODUCT_BUNDLE_IDENTIFIER = com.apple.tgbank;
				PRODUCT_NAME = "$(TARGET_NAME)";
				SWIFT_EMIT_LOC_STRINGS = YES;
				SWIFT_VERSION = 5.0;
				TARGETED_DEVICE_FAMILY = "1,2";
			};
			name = Release;
		};
		32B0AEC9F25CDC53790926D6 /* Debug */ = {
			isa = XCBuildConfiguration;
			buildSettings = {
				CODE_SIGN_STYLE = Automatic;
				CURRENT_PROJECT_VERSION = 1;
				GENERATE_INFOPLIST_FILE = NO;
				INFOPLIST_FILE = TGBankUITests/Info.plist;
				LD_RUNPATH_SEARCH_PATHS = (
					"$(inherited)",
					"@executable_path/Frameworks",
					"@loader_path/Frameworks",
				);
				MARKETING_VERSION = 1.0;
				PRODUCT_BUNDLE_IDENTIFIER = com.apple.tgbank.TGBankUITests;
				PRODUCT_NAME = "$(TARGET_NAME)";
				SWIFT_EMIT_LOC_STRINGS = NO;
				SWIFT_VERSION = 5.0;
				TARGETED_DEVICE_FAMILY = "1,2";
				TEST_TARGET_NAME = TGBank;
			};
			name = Debug;
		};
		62B72AACAA0D415137FA878D /* Release */ = {
			isa = XCBuildConfiguration;
			buildSettings = {
				CODE_SIGN_STYLE = Automatic;
				CURRENT_PROJECT_VERSION = 1;
				GENERATE_INFOPLIST_FILE = NO;
				INFOPLIST_FILE = TGBankUITests/Info.plist;
				LD_RUNPATH_SEARCH_PATHS = (
					"$(inherited)",
					"@executable_path/Frameworks",
					"@loader_path/Frameworks",
				);
				MARKETING_VERSION = 1.0;
				PRODUCT_BUNDLE_IDENTIFIER = com.apple.tgbank.TGBankUITests;
				PRODUCT_NAME = "$(TARGET_NAME)";
				SWIFT_EMIT_LOC_STRINGS = NO;
				SWIFT_VERSION = 5.0;
				TARGETED_DEVICE_FAMILY = "1,2";
				TEST_TARGET_NAME = TGBank;
			};
			name = Release;
		};
/* End XCBuildConfiguration section */

/* Begin XCConfigurationList section */
		D93B74D091CA7426B0D60A81 /* Build configuration list for PBXProject "TGBank" */ = {
			isa = XCConfigurationList;
			buildConfigurations = (
				2EA9FBC0D64BA2DCD189CEFC /* Debug */,
				6F985724EC27E346C6F43760 /* Release */,
			);
			defaultConfigurationIsVisible = 0;
			defaultConfigurationName = Release;
		};
		3FE2731BD57B18A61710FADA /* Build configuration list for PBXNativeTarget "TGBank" */ = {
			isa = XCConfigurationList;
			buildConfigurations = (
				1A2DBA72AC0E16846326CF8F /* Debug */,
				DDF2C3D79E5FE69317EDAE55 /* Release */,
			);
			defaultConfigurationIsVisible = 0;
			defaultConfigurationName = Release;
		};
		B19C1F21EBE5AD46B74E40E3 /* Build configuration list for PBXNativeTarget "TGBankUITests" */ = {
			isa = XCConfigurationList;
			buildConfigurations = (
				32B0AEC9F25CDC53790926D6 /* Debug */,
				62B72AACAA0D415137FA878D /* Release */,
			);
			defaultConfigurationIsVisible = 0;
			defaultConfigurationName = Release;
		};
/* End XCConfigurationList section */

	};
	rootObject = A461ECD4122F7603E004E3BE /* Project object */;
}
